
Microsoft Visual Studio Solution File, Format Version 12.00
# Visual Studio Version 17
VisualStudioVersion = 17.4.33110.190
MinimumVisualStudioVersion = 10.0.40219.1
Project("{FAE04EC0-301F-11D3-BF4B-00C04F79EFBC}") = "ArrayWorks", "ArrayWorks\ArrayWorks.csproj", "{AC01B709-6ED7-4207-8C50-E4526FC9FA5C}"
EndProject
Global
	GlobalSection(SolutionConfigurationPlatforms) = preSolution
		Debug|Any CPU = Debug|Any CPU
		Release|Any CPU = Release|Any CPU
	EndGlobalSection
	GlobalSection(ProjectConfigurationPlatforms) = postSolution
		{AC01B709-6ED7-4207-8C50-E4526FC9FA5C}.Debug|Any CPU.ActiveCfg = Debug|Any CPU
		{AC01B709-6ED7-4207-8C50-E4526FC9FA5C}.Debug|Any CPU.Build.0 = Debug|Any CPU
		{AC01B709-6ED7-4207-8C50-E4526FC9FA5C}.Release|Any CPU.ActiveCfg = Release|Any CPU
		{AC01B709-6ED7-4207-8C50-E4526FC9FA5C}.Release|Any CPU.Build.0 = Release|Any CPU
	EndGlobalSection
	GlobalSection(SolutionProperties) = preSolution
		HideSolutionNode = FALSE
	EndGlobalSection
	GlobalSection(ExtensibilityGlobals) = postSolution
		SolutionGuid = {0CA1D133-DE12-474D-ABE1-AAE77925A9FD}
	EndGlobalSection
EndGlobal
